
Microsoft Visual Studio Solution File, Format Version 12.00
# Visual Studio Version 17
VisualStudioVersion = 17.8.34408.163
MinimumVisualStudioVersion = 10.0.40219.1
Project("{FAE04EC0-301F-11D3-BF4B-00C04F79EFBC}") = "minhaaplicacao", "minhaaplicacao.csproj", "{3A13A00E-33C6-48AF-8FED-3B27F861D9EF}"
EndProject
Global
	GlobalSection(SolutionConfigurationPlatforms) = preSolution
		Debug|Any CPU = Debug|Any CPU
		Release|Any CPU = Release|Any CPU
	EndGlobalSection
	GlobalSection(ProjectConfigurationPlatforms) = postSolution
		{3A13A00E-33C6-48AF-8FED-3B27F861D9EF}.Debug|Any CPU.ActiveCfg = Debug|Any CPU
		{3A13A00E-33C6-48AF-8FED-3B27F861D9EF}.Debug|Any CPU.Build.0 = Debug|Any CPU
		{3A13A00E-33C6-48AF-8FED-3B27F861D9EF}.Release|Any CPU.ActiveCfg = Release|Any CPU
		{3A13A00E-33C6-48AF-8FED-3B27F861D9EF}.Release|Any CPU.Build.0 = Release|Any CPU
	EndGlobalSection
	GlobalSection(SolutionProperties) = preSolution
		HideSolutionNode = FALSE
	EndGlobalSection
	GlobalSection(ExtensibilityGlobals) = postSolution
		SolutionGuid = {59D4B63E-1D5E-42A6-9F34-870D8B704C6E}
	EndGlobalSection
EndGlobal
